
Microsoft Visual Studio Solution File, Format Version 9.00
# Visual Studio 2005
Project("{FAE04EC0-301F-11D3-BF4B-00C04F79EFBC}") = "SSPS_CommonFunctions", "SSPS_CommonFunctions.csproj", "{32A30E95-0460-4257-A8FB-4EFDC894878E}"
EndProject
Global
	GlobalSection(SolutionConfigurationPlatforms) = preSolution
		Debug|Any CPU = Debug|Any CPU
		Release|Any CPU = Release|Any CPU
	EndGlobalSection
	GlobalSection(ProjectConfigurationPlatforms) = postSolution
		{32A30E95-0460-4257-A8FB-4EFDC894878E}.Debug|Any CPU.ActiveCfg = Debug|Any CPU
		{32A30E95-0460-4257-A8FB-4EFDC894878E}.Debug|Any CPU.Build.0 = Debug|Any CPU
		{32A30E95-0460-4257-A8FB-4EFDC894878E}.Release|Any CPU.ActiveCfg = Release|Any CPU
		{32A30E95-0460-4257-A8FB-4EFDC894878E}.Release|Any CPU.Build.0 = Release|Any CPU
	EndGlobalSection
	GlobalSection(SolutionProperties) = preSolution
		HideSolutionNode = FALSE
	EndGlobalSection
EndGlobal
