
Microsoft Visual Studio Solution File, Format Version 9.00
# Visual Studio 2005
Project("{FAE04EC0-301F-11D3-BF4B-00C04F79EFBC}") = "SSPS_CustomFunctoids", "SSPS_CustomFunctoids.csproj", "{05BD35FC-8F91-414E-9F43-C222A642684C}"
EndProject
Global
	GlobalSection(SolutionConfigurationPlatforms) = preSolution
		Debug|Any CPU = Debug|Any CPU
		Release|Any CPU = Release|Any CPU
	EndGlobalSection
	GlobalSection(ProjectConfigurationPlatforms) = postSolution
		{05BD35FC-8F91-414E-9F43-C222A642684C}.Debug|Any CPU.ActiveCfg = Debug|Any CPU
		{05BD35FC-8F91-414E-9F43-C222A642684C}.Debug|Any CPU.Build.0 = Debug|Any CPU
		{05BD35FC-8F91-414E-9F43-C222A642684C}.Release|Any CPU.ActiveCfg = Release|Any CPU
		{05BD35FC-8F91-414E-9F43-C222A642684C}.Release|Any CPU.Build.0 = Release|Any CPU
	EndGlobalSection
	GlobalSection(SolutionProperties) = preSolution
		HideSolutionNode = FALSE
	EndGlobalSection
EndGlobal
