
Microsoft Visual Studio Solution File, Format Version 9.00
# Visual Studio 2005
Project("{FAE04EC0-301F-11D3-BF4B-00C04F79EFBC}") = "SSPS_SQLFunctoids", "SSPS_SQLFunctoids.csproj", "{994F68B9-49B4-4CED-AFC7-6995194617AD}"
EndProject
Global
	GlobalSection(SolutionConfigurationPlatforms) = preSolution
		Debug|Any CPU = Debug|Any CPU
		Release|Any CPU = Release|Any CPU
	EndGlobalSection
	GlobalSection(ProjectConfigurationPlatforms) = postSolution
		{994F68B9-49B4-4CED-AFC7-6995194617AD}.Debug|Any CPU.ActiveCfg = Debug|Any CPU
		{994F68B9-49B4-4CED-AFC7-6995194617AD}.Debug|Any CPU.Build.0 = Debug|Any CPU
		{994F68B9-49B4-4CED-AFC7-6995194617AD}.Release|Any CPU.ActiveCfg = Release|Any CPU
		{994F68B9-49B4-4CED-AFC7-6995194617AD}.Release|Any CPU.Build.0 = Release|Any CPU
	EndGlobalSection
	GlobalSection(SolutionProperties) = preSolution
		HideSolutionNode = FALSE
	EndGlobalSection
EndGlobal
