
Microsoft Visual Studio Solution File, Format Version 9.00
# Visual Studio 2005
Project("{EF7E3281-CD33-11D4-8326-00C04FA0CE8D}") = "Chapter_01", "Chapter_01\Chapter_01.btproj", "{11B39C04-43FD-4E9A-B787-C1E94183A28E}"
EndProject
Project("{EF7E3281-CD33-11D4-8326-00C04FA0CE8D}") = "Chapter_02", "Chapter_02\Chapter_02.btproj", "{6C35FCA4-BCD6-4620-8E28-E228531EFF10}"
EndProject
Project("{EF7E3281-CD33-11D4-8326-00C04FA0CE8D}") = "Chapter_03", "Chapter_03\Chapter_03.btproj", "{267B80AD-6508-464A-98CF-E0F2CA3F479F}"
EndProject
Project("{FAE04EC0-301F-11D3-BF4B-00C04F79EFBC}") = "SSPS_CommonFunctions", "SSPS_CommonFunctions\SSPS_CommonFunctions.csproj", "{32A30E95-0460-4257-A8FB-4EFDC894878E}"
EndProject
Project("{EF7E3281-CD33-11D4-8326-00C04FA0CE8D}") = "Chapter_04", "Chapter_04\Chapter_04.btproj", "{58BEF461-6F38-4480-BFB7-8F8C92292460}"
EndProject
Project("{EF7E3281-CD33-11D4-8326-00C04FA0CE8D}") = "Chapter_05", "Chapter_05\Chapter_05.btproj", "{CB03EABD-DDB3-4033-A287-1DFC87299166}"
EndProject
Project("{EF7E3281-CD33-11D4-8326-00C04FA0CE8D}") = "Chapter_06", "Chapter_06\Chapter_06.btproj", "{2D12B442-9C02-4CF2-A795-3EE49F1C399B}"
EndProject
Project("{EF7E3281-CD33-11D4-8326-00C04FA0CE8D}") = "Chapter_07", "Chapter_07\Chapter_07.btproj", "{7217DE34-FE8A-4C6B-97FF-5EC3D583924D}"
EndProject
Project("{EF7E3281-CD33-11D4-8326-00C04FA0CE8D}") = "Chapter_08", "Chapter_08\Chapter_08.btproj", "{2A323FEF-BA70-4EA9-849D-6D87321486BF}"
EndProject
Project("{EF7E3281-CD33-11D4-8326-00C04FA0CE8D}") = "Chapter_09", "Chapter_09\Chapter_09.btproj", "{5D939E1F-ED78-48FA-98EF-EDDC74EA381B}"
EndProject
Project("{EF7E3281-CD33-11D4-8326-00C04FA0CE8D}") = "Chapter_10", "Chapter_10\Chapter_10.btproj", "{EC61F5CC-1FCE-47F0-9320-7B5838D198CC}"
EndProject
Project("{EF7E3281-CD33-11D4-8326-00C04FA0CE8D}") = "Chapter_12", "Chapter_12\Chapter_12.btproj", "{7AE8B408-ABBB-4F13-9542-A65A53A87371}"
EndProject
Project("{EF7E3281-CD33-11D4-8326-00C04FA0CE8D}") = "Chapter_14", "Chapter_14\Chapter_14.btproj", "{E1DCAD81-D82F-4140-BC00-AAD85EDF28D5}"
EndProject
Project("{EF7E3281-CD33-11D4-8326-00C04FA0CE8D}") = "Chapter_15", "Chapter_15\Chapter_15.btproj", "{01AC27FE-7BE9-42E1-8127-A15312C9192F}"
EndProject
Project("{2150E333-8FDC-42A3-9474-1A3956D46DE8}") = "Solution Items", "Solution Items", "{FA524B59-43E1-42F4-B8A4-B199E99EFDC4}"
EndProject
Project("{EF7E3281-CD33-11D4-8326-00C04FA0CE8D}") = "Chapter_16", "Chapter_16\Chapter_16.btproj", "{26096BDF-1A5C-4EC7-BBA7-2F9672D5CC35}"
EndProject
Project("{EF7E3281-CD33-11D4-8326-00C04FA0CE8D}") = "Chapter_17", "Chapter_17\Chapter_17.btproj", "{585BF47F-0E29-4CE4-A20D-703D368907B5}"
EndProject
Global
	GlobalSection(SolutionConfigurationPlatforms) = preSolution
		Debug|.NET = Debug|.NET
		Debug|Any CPU = Debug|Any CPU
		Debug|Mixed Platforms = Debug|Mixed Platforms
		Deployment|.NET = Deployment|.NET
		Deployment|Any CPU = Deployment|Any CPU
		Deployment|Mixed Platforms = Deployment|Mixed Platforms
		Development|.NET = Development|.NET
		Development|Any CPU = Development|Any CPU
		Development|Mixed Platforms = Development|Mixed Platforms
		Release|.NET = Release|.NET
		Release|Any CPU = Release|Any CPU
		Release|Mixed Platforms = Release|Mixed Platforms
	EndGlobalSection
	GlobalSection(ProjectConfigurationPlatforms) = postSolution
		{11B39C04-43FD-4E9A-B787-C1E94183A28E}.Debug|.NET.ActiveCfg = Deployment|.NET
		{11B39C04-43FD-4E9A-B787-C1E94183A28E}.Debug|.NET.Build.0 = Deployment|.NET
		{11B39C04-43FD-4E9A-B787-C1E94183A28E}.Debug|.NET.Deploy.0 = Deployment|.NET
		{11B39C04-43FD-4E9A-B787-C1E94183A28E}.Debug|Any CPU.ActiveCfg = Deployment|.NET
		{11B39C04-43FD-4E9A-B787-C1E94183A28E}.Debug|Mixed Platforms.ActiveCfg = Deployment|.NET
		{11B39C04-43FD-4E9A-B787-C1E94183A28E}.Debug|Mixed Platforms.Build.0 = Deployment|.NET
		{11B39C04-43FD-4E9A-B787-C1E94183A28E}.Debug|Mixed Platforms.Deploy.0 = Deployment|.NET
		{11B39C04-43FD-4E9A-B787-C1E94183A28E}.Deployment|.NET.ActiveCfg = Deployment|.NET
		{11B39C04-43FD-4E9A-B787-C1E94183A28E}.Deployment|.NET.Build.0 = Deployment|.NET
		{11B39C04-43FD-4E9A-B787-C1E94183A28E}.Deployment|.NET.Deploy.0 = Deployment|.NET
		{11B39C04-43FD-4E9A-B787-C1E94183A28E}.Deployment|Any CPU.ActiveCfg = Deployment|.NET
		{11B39C04-43FD-4E9A-B787-C1E94183A28E}.Deployment|Mixed Platforms.ActiveCfg = Deployment|.NET
		{11B39C04-43FD-4E9A-B787-C1E94183A28E}.Deployment|Mixed Platforms.Build.0 = Deployment|.NET
		{11B39C04-43FD-4E9A-B787-C1E94183A28E}.Deployment|Mixed Platforms.Deploy.0 = Deployment|.NET
		{11B39C04-43FD-4E9A-B787-C1E94183A28E}.Development|.NET.ActiveCfg = Development|.NET
		{11B39C04-43FD-4E9A-B787-C1E94183A28E}.Development|.NET.Build.0 = Development|.NET
		{11B39C04-43FD-4E9A-B787-C1E94183A28E}.Development|Any CPU.ActiveCfg = Development|.NET
		{11B39C04-43FD-4E9A-B787-C1E94183A28E}.Development|Mixed Platforms.ActiveCfg = Development|.NET
		{11B39C04-43FD-4E9A-B787-C1E94183A28E}.Development|Mixed Platforms.Build.0 = Development|.NET
		{11B39C04-43FD-4E9A-B787-C1E94183A28E}.Development|Mixed Platforms.Deploy.0 = Development|.NET
		{11B39C04-43FD-4E9A-B787-C1E94183A28E}.Release|.NET.ActiveCfg = Deployment|.NET
		{11B39C04-43FD-4E9A-B787-C1E94183A28E}.Release|.NET.Build.0 = Deployment|.NET
		{11B39C04-43FD-4E9A-B787-C1E94183A28E}.Release|.NET.Deploy.0 = Deployment|.NET
		{11B39C04-43FD-4E9A-B787-C1E94183A28E}.Release|Any CPU.ActiveCfg = Deployment|.NET
		{11B39C04-43FD-4E9A-B787-C1E94183A28E}.Release|Mixed Platforms.ActiveCfg = Deployment|.NET
		{11B39C04-43FD-4E9A-B787-C1E94183A28E}.Release|Mixed Platforms.Build.0 = Deployment|.NET
		{11B39C04-43FD-4E9A-B787-C1E94183A28E}.Release|Mixed Platforms.Deploy.0 = Deployment|.NET
		{6C35FCA4-BCD6-4620-8E28-E228531EFF10}.Debug|.NET.ActiveCfg = Deployment|.NET
		{6C35FCA4-BCD6-4620-8E28-E228531EFF10}.Debug|.NET.Build.0 = Deployment|.NET
		{6C35FCA4-BCD6-4620-8E28-E228531EFF10}.Debug|.NET.Deploy.0 = Deployment|.NET
		{6C35FCA4-BCD6-4620-8E28-E228531EFF10}.Debug|Any CPU.ActiveCfg = Deployment|.NET
		{6C35FCA4-BCD6-4620-8E28-E228531EFF10}.Debug|Mixed Platforms.ActiveCfg = Deployment|.NET
		{6C35FCA4-BCD6-4620-8E28-E228531EFF10}.Debug|Mixed Platforms.Build.0 = Deployment|.NET
		{6C35FCA4-BCD6-4620-8E28-E228531EFF10}.Debug|Mixed Platforms.Deploy.0 = Deployment|.NET
		{6C35FCA4-BCD6-4620-8E28-E228531EFF10}.Deployment|.NET.ActiveCfg = Deployment|.NET
		{6C35FCA4-BCD6-4620-8E28-E228531EFF10}.Deployment|.NET.Build.0 = Deployment|.NET
		{6C35FCA4-BCD6-4620-8E28-E228531EFF10}.Deployment|.NET.Deploy.0 = Deployment|.NET
		{6C35FCA4-BCD6-4620-8E28-E228531EFF10}.Deployment|Any CPU.ActiveCfg = Deployment|.NET
		{6C35FCA4-BCD6-4620-8E28-E228531EFF10}.Deployment|Mixed Platforms.ActiveCfg = Deployment|.NET
		{6C35FCA4-BCD6-4620-8E28-E228531EFF10}.Deployment|Mixed Platforms.Build.0 = Deployment|.NET
		{6C35FCA4-BCD6-4620-8E28-E228531EFF10}.Deployment|Mixed Platforms.Deploy.0 = Deployment|.NET
		{6C35FCA4-BCD6-4620-8E28-E228531EFF10}.Development|.NET.ActiveCfg = Development|.NET
		{6C35FCA4-BCD6-4620-8E28-E228531EFF10}.Development|.NET.Build.0 = Development|.NET
		{6C35FCA4-BCD6-4620-8E28-E228531EFF10}.Development|Any CPU.ActiveCfg = Development|.NET
		{6C35FCA4-BCD6-4620-8E28-E228531EFF10}.Development|Mixed Platforms.ActiveCfg = Development|.NET
		{6C35FCA4-BCD6-4620-8E28-E228531EFF10}.Development|Mixed Platforms.Build.0 = Development|.NET
		{6C35FCA4-BCD6-4620-8E28-E228531EFF10}.Development|Mixed Platforms.Deploy.0 = Development|.NET
		{6C35FCA4-BCD6-4620-8E28-E228531EFF10}.Release|.NET.ActiveCfg = Deployment|.NET
		{6C35FCA4-BCD6-4620-8E28-E228531EFF10}.Release|.NET.Build.0 = Deployment|.NET
		{6C35FCA4-BCD6-4620-8E28-E228531EFF10}.Release|.NET.Deploy.0 = Deployment|.NET
		{6C35FCA4-BCD6-4620-8E28-E228531EFF10}.Release|Any CPU.ActiveCfg = Deployment|.NET
		{6C35FCA4-BCD6-4620-8E28-E228531EFF10}.Release|Mixed Platforms.ActiveCfg = Deployment|.NET
		{6C35FCA4-BCD6-4620-8E28-E228531EFF10}.Release|Mixed Platforms.Build.0 = Deployment|.NET
		{6C35FCA4-BCD6-4620-8E28-E228531EFF10}.Release|Mixed Platforms.Deploy.0 = Deployment|.NET
		{267B80AD-6508-464A-98CF-E0F2CA3F479F}.Debug|.NET.ActiveCfg = Deployment|.NET
		{267B80AD-6508-464A-98CF-E0F2CA3F479F}.Debug|.NET.Build.0 = Deployment|.NET
		{267B80AD-6508-464A-98CF-E0F2CA3F479F}.Debug|.NET.Deploy.0 = Deployment|.NET
		{267B80AD-6508-464A-98CF-E0F2CA3F479F}.Debug|Any CPU.ActiveCfg = Deployment|.NET
		{267B80AD-6508-464A-98CF-E0F2CA3F479F}.Debug|Mixed Platforms.ActiveCfg = Deployment|.NET
		{267B80AD-6508-464A-98CF-E0F2CA3F479F}.Debug|Mixed Platforms.Build.0 = Deployment|.NET
		{267B80AD-6508-464A-98CF-E0F2CA3F479F}.Debug|Mixed Platforms.Deploy.0 = Deployment|.NET
		{267B80AD-6508-464A-98CF-E0F2CA3F479F}.Deployment|.NET.ActiveCfg = Deployment|.NET
		{267B80AD-6508-464A-98CF-E0F2CA3F479F}.Deployment|.NET.Build.0 = Deployment|.NET
		{267B80AD-6508-464A-98CF-E0F2CA3F479F}.Deployment|.NET.Deploy.0 = Deployment|.NET
		{267B80AD-6508-464A-98CF-E0F2CA3F479F}.Deployment|Any CPU.ActiveCfg = Deployment|.NET
		{267B80AD-6508-464A-98CF-E0F2CA3F479F}.Deployment|Mixed Platforms.ActiveCfg = Deployment|.NET
		{267B80AD-6508-464A-98CF-E0F2CA3F479F}.Deployment|Mixed Platforms.Build.0 = Deployment|.NET
		{267B80AD-6508-464A-98CF-E0F2CA3F479F}.Deployment|Mixed Platforms.Deploy.0 = Deployment|.NET
		{267B80AD-6508-464A-98CF-E0F2CA3F479F}.Development|.NET.ActiveCfg = Development|.NET
		{267B80AD-6508-464A-98CF-E0F2CA3F479F}.Development|.NET.Build.0 = Development|.NET
		{267B80AD-6508-464A-98CF-E0F2CA3F479F}.Development|Any CPU.ActiveCfg = Development|.NET
		{267B80AD-6508-464A-98CF-E0F2CA3F479F}.Development|Mixed Platforms.ActiveCfg = Development|.NET
		{267B80AD-6508-464A-98CF-E0F2CA3F479F}.Development|Mixed Platforms.Build.0 = Development|.NET
		{267B80AD-6508-464A-98CF-E0F2CA3F479F}.Development|Mixed Platforms.Deploy.0 = Development|.NET
		{267B80AD-6508-464A-98CF-E0F2CA3F479F}.Release|.NET.ActiveCfg = Deployment|.NET
		{267B80AD-6508-464A-98CF-E0F2CA3F479F}.Release|.NET.Build.0 = Deployment|.NET
		{267B80AD-6508-464A-98CF-E0F2CA3F479F}.Release|.NET.Deploy.0 = Deployment|.NET
		{267B80AD-6508-464A-98CF-E0F2CA3F479F}.Release|Any CPU.ActiveCfg = Deployment|.NET
		{267B80AD-6508-464A-98CF-E0F2CA3F479F}.Release|Mixed Platforms.ActiveCfg = Deployment|.NET
		{267B80AD-6508-464A-98CF-E0F2CA3F479F}.Release|Mixed Platforms.Build.0 = Deployment|.NET
		{267B80AD-6508-464A-98CF-E0F2CA3F479F}.Release|Mixed Platforms.Deploy.0 = Deployment|.NET
		{32A30E95-0460-4257-A8FB-4EFDC894878E}.Debug|.NET.ActiveCfg = Debug|Any CPU
		{32A30E95-0460-4257-A8FB-4EFDC894878E}.Debug|Any CPU.ActiveCfg = Debug|Any CPU
		{32A30E95-0460-4257-A8FB-4EFDC894878E}.Debug|Any CPU.Build.0 = Debug|Any CPU
		{32A30E95-0460-4257-A8FB-4EFDC894878E}.Debug|Mixed Platforms.ActiveCfg = Debug|Any CPU
		{32A30E95-0460-4257-A8FB-4EFDC894878E}.Debug|Mixed Platforms.Build.0 = Debug|Any CPU
		{32A30E95-0460-4257-A8FB-4EFDC894878E}.Deployment|.NET.ActiveCfg = Debug|Any CPU
		{32A30E95-0460-4257-A8FB-4EFDC894878E}.Deployment|Any CPU.ActiveCfg = Debug|Any CPU
		{32A30E95-0460-4257-A8FB-4EFDC894878E}.Deployment|Any CPU.Build.0 = Debug|Any CPU
		{32A30E95-0460-4257-A8FB-4EFDC894878E}.Deployment|Mixed Platforms.ActiveCfg = Debug|Any CPU
		{32A30E95-0460-4257-A8FB-4EFDC894878E}.Deployment|Mixed Platforms.Build.0 = Debug|Any CPU
		{32A30E95-0460-4257-A8FB-4EFDC894878E}.Development|.NET.ActiveCfg = Debug|Any CPU
		{32A30E95-0460-4257-A8FB-4EFDC894878E}.Development|Any CPU.ActiveCfg = Debug|Any CPU
		{32A30E95-0460-4257-A8FB-4EFDC894878E}.Development|Any CPU.Build.0 = Debug|Any CPU
		{32A30E95-0460-4257-A8FB-4EFDC894878E}.Development|Mixed Platforms.ActiveCfg = Debug|Any CPU
		{32A30E95-0460-4257-A8FB-4EFDC894878E}.Development|Mixed Platforms.Build.0 = Debug|Any CPU
		{32A30E95-0460-4257-A8FB-4EFDC894878E}.Release|.NET.ActiveCfg = Release|Any CPU
		{32A30E95-0460-4257-A8FB-4EFDC894878E}.Release|Any CPU.ActiveCfg = Release|Any CPU
		{32A30E95-0460-4257-A8FB-4EFDC894878E}.Release|Any CPU.Build.0 = Release|Any CPU
		{32A30E95-0460-4257-A8FB-4EFDC894878E}.Release|Mixed Platforms.ActiveCfg = Release|Any CPU
		{32A30E95-0460-4257-A8FB-4EFDC894878E}.Release|Mixed Platforms.Build.0 = Release|Any CPU
		{58BEF461-6F38-4480-BFB7-8F8C92292460}.Debug|.NET.ActiveCfg = Deployment|.NET
		{58BEF461-6F38-4480-BFB7-8F8C92292460}.Debug|.NET.Build.0 = Deployment|.NET
		{58BEF461-6F38-4480-BFB7-8F8C92292460}.Debug|.NET.Deploy.0 = Deployment|.NET
		{58BEF461-6F38-4480-BFB7-8F8C92292460}.Debug|Any CPU.ActiveCfg = Deployment|.NET
		{58BEF461-6F38-4480-BFB7-8F8C92292460}.Debug|Mixed Platforms.ActiveCfg = Deployment|.NET
		{58BEF461-6F38-4480-BFB7-8F8C92292460}.Debug|Mixed Platforms.Build.0 = Deployment|.NET
		{58BEF461-6F38-4480-BFB7-8F8C92292460}.Debug|Mixed Platforms.Deploy.0 = Deployment|.NET
		{58BEF461-6F38-4480-BFB7-8F8C92292460}.Deployment|.NET.ActiveCfg = Deployment|.NET
		{58BEF461-6F38-4480-BFB7-8F8C92292460}.Deployment|.NET.Build.0 = Deployment|.NET
		{58BEF461-6F38-4480-BFB7-8F8C92292460}.Deployment|.NET.Deploy.0 = Deployment|.NET
		{58BEF461-6F38-4480-BFB7-8F8C92292460}.Deployment|Any CPU.ActiveCfg = Deployment|.NET
		{58BEF461-6F38-4480-BFB7-8F8C92292460}.Deployment|Mixed Platforms.ActiveCfg = Deployment|.NET
		{58BEF461-6F38-4480-BFB7-8F8C92292460}.Deployment|Mixed Platforms.Build.0 = Deployment|.NET
		{58BEF461-6F38-4480-BFB7-8F8C92292460}.Deployment|Mixed Platforms.Deploy.0 = Deployment|.NET
		{58BEF461-6F38-4480-BFB7-8F8C92292460}.Development|.NET.ActiveCfg = Development|.NET
		{58BEF461-6F38-4480-BFB7-8F8C92292460}.Development|.NET.Build.0 = Development|.NET
		{58BEF461-6F38-4480-BFB7-8F8C92292460}.Development|Any CPU.ActiveCfg = Development|.NET
		{58BEF461-6F38-4480-BFB7-8F8C92292460}.Development|Mixed Platforms.ActiveCfg = Development|.NET
		{58BEF461-6F38-4480-BFB7-8F8C92292460}.Development|Mixed Platforms.Build.0 = Development|.NET
		{58BEF461-6F38-4480-BFB7-8F8C92292460}.Development|Mixed Platforms.Deploy.0 = Development|.NET
		{58BEF461-6F38-4480-BFB7-8F8C92292460}.Release|.NET.ActiveCfg = Deployment|.NET
		{58BEF461-6F38-4480-BFB7-8F8C92292460}.Release|.NET.Build.0 = Deployment|.NET
		{58BEF461-6F38-4480-BFB7-8F8C92292460}.Release|.NET.Deploy.0 = Deployment|.NET
		{58BEF461-6F38-4480-BFB7-8F8C92292460}.Release|Any CPU.ActiveCfg = Deployment|.NET
		{58BEF461-6F38-4480-BFB7-8F8C92292460}.Release|Mixed Platforms.ActiveCfg = Deployment|.NET
		{58BEF461-6F38-4480-BFB7-8F8C92292460}.Release|Mixed Platforms.Build.0 = Deployment|.NET
		{58BEF461-6F38-4480-BFB7-8F8C92292460}.Release|Mixed Platforms.Deploy.0 = Deployment|.NET
		{CB03EABD-DDB3-4033-A287-1DFC87299166}.Debug|.NET.ActiveCfg = Deployment|.NET
		{CB03EABD-DDB3-4033-A287-1DFC87299166}.Debug|.NET.Build.0 = Deployment|.NET
		{CB03EABD-DDB3-4033-A287-1DFC87299166}.Debug|.NET.Deploy.0 = Deployment|.NET
		{CB03EABD-DDB3-4033-A287-1DFC87299166}.Debug|Any CPU.ActiveCfg = Deployment|.NET
		{CB03EABD-DDB3-4033-A287-1DFC87299166}.Debug|Mixed Platforms.ActiveCfg = Deployment|.NET
		{CB03EABD-DDB3-4033-A287-1DFC87299166}.Debug|Mixed Platforms.Build.0 = Deployment|.NET
		{CB03EABD-DDB3-4033-A287-1DFC87299166}.Debug|Mixed Platforms.Deploy.0 = Deployment|.NET
		{CB03EABD-DDB3-4033-A287-1DFC87299166}.Deployment|.NET.ActiveCfg = Deployment|.NET
		{CB03EABD-DDB3-4033-A287-1DFC87299166}.Deployment|.NET.Build.0 = Deployment|.NET
		{CB03EABD-DDB3-4033-A287-1DFC87299166}.Deployment|.NET.Deploy.0 = Deployment|.NET
		{CB03EABD-DDB3-4033-A287-1DFC87299166}.Deployment|Any CPU.ActiveCfg = Deployment|.NET
		{CB03EABD-DDB3-4033-A287-1DFC87299166}.Deployment|Mixed Platforms.ActiveCfg = Deployment|.NET
		{CB03EABD-DDB3-4033-A287-1DFC87299166}.Deployment|Mixed Platforms.Build.0 = Deployment|.NET
		{CB03EABD-DDB3-4033-A287-1DFC87299166}.Deployment|Mixed Platforms.Deploy.0 = Deployment|.NET
		{CB03EABD-DDB3-4033-A287-1DFC87299166}.Development|.NET.ActiveCfg = Development|.NET
		{CB03EABD-DDB3-4033-A287-1DFC87299166}.Development|.NET.Build.0 = Development|.NET
		{CB03EABD-DDB3-4033-A287-1DFC87299166}.Development|Any CPU.ActiveCfg = Development|.NET
		{CB03EABD-DDB3-4033-A287-1DFC87299166}.Development|Mixed Platforms.ActiveCfg = Development|.NET
		{CB03EABD-DDB3-4033-A287-1DFC87299166}.Development|Mixed Platforms.Build.0 = Development|.NET
		{CB03EABD-DDB3-4033-A287-1DFC87299166}.Development|Mixed Platforms.Deploy.0 = Development|.NET
		{CB03EABD-DDB3-4033-A287-1DFC87299166}.Release|.NET.ActiveCfg = Deployment|.NET
		{CB03EABD-DDB3-4033-A287-1DFC87299166}.Release|.NET.Build.0 = Deployment|.NET
		{CB03EABD-DDB3-4033-A287-1DFC87299166}.Release|.NET.Deploy.0 = Deployment|.NET
		{CB03EABD-DDB3-4033-A287-1DFC87299166}.Release|Any CPU.ActiveCfg = Deployment|.NET
		{CB03EABD-DDB3-4033-A287-1DFC87299166}.Release|Mixed Platforms.ActiveCfg = Deployment|.NET
		{CB03EABD-DDB3-4033-A287-1DFC87299166}.Release|Mixed Platforms.Build.0 = Deployment|.NET
		{CB03EABD-DDB3-4033-A287-1DFC87299166}.Release|Mixed Platforms.Deploy.0 = Deployment|.NET
		{2D12B442-9C02-4CF2-A795-3EE49F1C399B}.Debug|.NET.ActiveCfg = Deployment|.NET
		{2D12B442-9C02-4CF2-A795-3EE49F1C399B}.Debug|.NET.Build.0 = Deployment|.NET
		{2D12B442-9C02-4CF2-A795-3EE49F1C399B}.Debug|.NET.Deploy.0 = Deployment|.NET
		{2D12B442-9C02-4CF2-A795-3EE49F1C399B}.Debug|Any CPU.ActiveCfg = Deployment|.NET
		{2D12B442-9C02-4CF2-A795-3EE49F1C399B}.Debug|Mixed Platforms.ActiveCfg = Deployment|.NET
		{2D12B442-9C02-4CF2-A795-3EE49F1C399B}.Debug|Mixed Platforms.Build.0 = Deployment|.NET
		{2D12B442-9C02-4CF2-A795-3EE49F1C399B}.Debug|Mixed Platforms.Deploy.0 = Deployment|.NET
		{2D12B442-9C02-4CF2-A795-3EE49F1C399B}.Deployment|.NET.ActiveCfg = Deployment|.NET
		{2D12B442-9C02-4CF2-A795-3EE49F1C399B}.Deployment|.NET.Build.0 = Deployment|.NET
		{2D12B442-9C02-4CF2-A795-3EE49F1C399B}.Deployment|.NET.Deploy.0 = Deployment|.NET
		{2D12B442-9C02-4CF2-A795-3EE49F1C399B}.Deployment|Any CPU.ActiveCfg = Deployment|.NET
		{2D12B442-9C02-4CF2-A795-3EE49F1C399B}.Deployment|Mixed Platforms.ActiveCfg = Deployment|.NET
		{2D12B442-9C02-4CF2-A795-3EE49F1C399B}.Deployment|Mixed Platforms.Build.0 = Deployment|.NET
		{2D12B442-9C02-4CF2-A795-3EE49F1C399B}.Deployment|Mixed Platforms.Deploy.0 = Deployment|.NET
		{2D12B442-9C02-4CF2-A795-3EE49F1C399B}.Development|.NET.ActiveCfg = Development|.NET
		{2D12B442-9C02-4CF2-A795-3EE49F1C399B}.Development|.NET.Build.0 = Development|.NET
		{2D12B442-9C02-4CF2-A795-3EE49F1C399B}.Development|Any CPU.ActiveCfg = Development|.NET
		{2D12B442-9C02-4CF2-A795-3EE49F1C399B}.Development|Mixed Platforms.ActiveCfg = Development|.NET
		{2D12B442-9C02-4CF2-A795-3EE49F1C399B}.Development|Mixed Platforms.Build.0 = Development|.NET
		{2D12B442-9C02-4CF2-A795-3EE49F1C399B}.Development|Mixed Platforms.Deploy.0 = Development|.NET
		{2D12B442-9C02-4CF2-A795-3EE49F1C399B}.Release|.NET.ActiveCfg = Deployment|.NET
		{2D12B442-9C02-4CF2-A795-3EE49F1C399B}.Release|.NET.Build.0 = Deployment|.NET
		{2D12B442-9C02-4CF2-A795-3EE49F1C399B}.Release|.NET.Deploy.0 = Deployment|.NET
		{2D12B442-9C02-4CF2-A795-3EE49F1C399B}.Release|Any CPU.ActiveCfg = Deployment|.NET
		{2D12B442-9C02-4CF2-A795-3EE49F1C399B}.Release|Mixed Platforms.ActiveCfg = Deployment|.NET
		{2D12B442-9C02-4CF2-A795-3EE49F1C399B}.Release|Mixed Platforms.Build.0 = Deployment|.NET
		{2D12B442-9C02-4CF2-A795-3EE49F1C399B}.Release|Mixed Platforms.Deploy.0 = Deployment|.NET
		{7217DE34-FE8A-4C6B-97FF-5EC3D583924D}.Debug|.NET.ActiveCfg = Deployment|.NET
		{7217DE34-FE8A-4C6B-97FF-5EC3D583924D}.Debug|.NET.Build.0 = Deployment|.NET
		{7217DE34-FE8A-4C6B-97FF-5EC3D583924D}.Debug|.NET.Deploy.0 = Deployment|.NET
		{7217DE34-FE8A-4C6B-97FF-5EC3D583924D}.Debug|Any CPU.ActiveCfg = Deployment|.NET
		{7217DE34-FE8A-4C6B-97FF-5EC3D583924D}.Debug|Mixed Platforms.ActiveCfg = Deployment|.NET
		{7217DE34-FE8A-4C6B-97FF-5EC3D583924D}.Debug|Mixed Platforms.Build.0 = Deployment|.NET
		{7217DE34-FE8A-4C6B-97FF-5EC3D583924D}.Debug|Mixed Platforms.Deploy.0 = Deployment|.NET
		{7217DE34-FE8A-4C6B-97FF-5EC3D583924D}.Deployment|.NET.ActiveCfg = Deployment|.NET
		{7217DE34-FE8A-4C6B-97FF-5EC3D583924D}.Deployment|.NET.Build.0 = Deployment|.NET
		{7217DE34-FE8A-4C6B-97FF-5EC3D583924D}.Deployment|.NET.Deploy.0 = Deployment|.NET
		{7217DE34-FE8A-4C6B-97FF-5EC3D583924D}.Deployment|Any CPU.ActiveCfg = Deployment|.NET
		{7217DE34-FE8A-4C6B-97FF-5EC3D583924D}.Deployment|Mixed Platforms.ActiveCfg = Deployment|.NET
		{7217DE34-FE8A-4C6B-97FF-5EC3D583924D}.Deployment|Mixed Platforms.Build.0 = Deployment|.NET
		{7217DE34-FE8A-4C6B-97FF-5EC3D583924D}.Deployment|Mixed Platforms.Deploy.0 = Deployment|.NET
		{7217DE34-FE8A-4C6B-97FF-5EC3D583924D}.Development|.NET.ActiveCfg = Development|.NET
		{7217DE34-FE8A-4C6B-97FF-5EC3D583924D}.Development|.NET.Build.0 = Development|.NET
		{7217DE34-FE8A-4C6B-97FF-5EC3D583924D}.Development|Any CPU.ActiveCfg = Development|.NET
		{7217DE34-FE8A-4C6B-97FF-5EC3D583924D}.Development|Mixed Platforms.ActiveCfg = Development|.NET
		{7217DE34-FE8A-4C6B-97FF-5EC3D583924D}.Development|Mixed Platforms.Build.0 = Development|.NET
		{7217DE34-FE8A-4C6B-97FF-5EC3D583924D}.Development|Mixed Platforms.Deploy.0 = Development|.NET
		{7217DE34-FE8A-4C6B-97FF-5EC3D583924D}.Release|.NET.ActiveCfg = Deployment|.NET
		{7217DE34-FE8A-4C6B-97FF-5EC3D583924D}.Release|.NET.Build.0 = Deployment|.NET
		{7217DE34-FE8A-4C6B-97FF-5EC3D583924D}.Release|.NET.Deploy.0 = Deployment|.NET
		{7217DE34-FE8A-4C6B-97FF-5EC3D583924D}.Release|Any CPU.ActiveCfg = Deployment|.NET
		{7217DE34-FE8A-4C6B-97FF-5EC3D583924D}.Release|Mixed Platforms.ActiveCfg = Deployment|.NET
		{7217DE34-FE8A-4C6B-97FF-5EC3D583924D}.Release|Mixed Platforms.Build.0 = Deployment|.NET
		{7217DE34-FE8A-4C6B-97FF-5EC3D583924D}.Release|Mixed Platforms.Deploy.0 = Deployment|.NET
		{2A323FEF-BA70-4EA9-849D-6D87321486BF}.Debug|.NET.ActiveCfg = Deployment|.NET
		{2A323FEF-BA70-4EA9-849D-6D87321486BF}.Debug|.NET.Build.0 = Deployment|.NET
		{2A323FEF-BA70-4EA9-849D-6D87321486BF}.Debug|.NET.Deploy.0 = Deployment|.NET
		{2A323FEF-BA70-4EA9-849D-6D87321486BF}.Debug|Any CPU.ActiveCfg = Deployment|.NET
		{2A323FEF-BA70-4EA9-849D-6D87321486BF}.Debug|Mixed Platforms.ActiveCfg = Deployment|.NET
		{2A323FEF-BA70-4EA9-849D-6D87321486BF}.Debug|Mixed Platforms.Build.0 = Deployment|.NET
		{2A323FEF-BA70-4EA9-849D-6D87321486BF}.Debug|Mixed Platforms.Deploy.0 = Deployment|.NET
		{2A323FEF-BA70-4EA9-849D-6D87321486BF}.Deployment|.NET.ActiveCfg = Deployment|.NET
		{2A323FEF-BA70-4EA9-849D-6D87321486BF}.Deployment|.NET.Build.0 = Deployment|.NET
		{2A323FEF-BA70-4EA9-849D-6D87321486BF}.Deployment|.NET.Deploy.0 = Deployment|.NET
		{2A323FEF-BA70-4EA9-849D-6D87321486BF}.Deployment|Any CPU.ActiveCfg = Deployment|.NET
		{2A323FEF-BA70-4EA9-849D-6D87321486BF}.Deployment|Mixed Platforms.ActiveCfg = Deployment|.NET
		{2A323FEF-BA70-4EA9-849D-6D87321486BF}.Deployment|Mixed Platforms.Build.0 = Deployment|.NET
		{2A323FEF-BA70-4EA9-849D-6D87321486BF}.Deployment|Mixed Platforms.Deploy.0 = Deployment|.NET
		{2A323FEF-BA70-4EA9-849D-6D87321486BF}.Development|.NET.ActiveCfg = Development|.NET
		{2A323FEF-BA70-4EA9-849D-6D87321486BF}.Development|.NET.Build.0 = Development|.NET
		{2A323FEF-BA70-4EA9-849D-6D87321486BF}.Development|Any CPU.ActiveCfg = Development|.NET
		{2A323FEF-BA70-4EA9-849D-6D87321486BF}.Development|Mixed Platforms.ActiveCfg = Development|.NET
		{2A323FEF-BA70-4EA9-849D-6D87321486BF}.Development|Mixed Platforms.Build.0 = Development|.NET
		{2A323FEF-BA70-4EA9-849D-6D87321486BF}.Development|Mixed Platforms.Deploy.0 = Development|.NET
		{2A323FEF-BA70-4EA9-849D-6D87321486BF}.Release|.NET.ActiveCfg = Deployment|.NET
		{2A323FEF-BA70-4EA9-849D-6D87321486BF}.Release|.NET.Build.0 = Deployment|.NET
		{2A323FEF-BA70-4EA9-849D-6D87321486BF}.Release|.NET.Deploy.0 = Deployment|.NET
		{2A323FEF-BA70-4EA9-849D-6D87321486BF}.Release|Any CPU.ActiveCfg = Deployment|.NET
		{2A323FEF-BA70-4EA9-849D-6D87321486BF}.Release|Mixed Platforms.ActiveCfg = Deployment|.NET
		{2A323FEF-BA70-4EA9-849D-6D87321486BF}.Release|Mixed Platforms.Build.0 = Deployment|.NET
		{2A323FEF-BA70-4EA9-849D-6D87321486BF}.Release|Mixed Platforms.Deploy.0 = Deployment|.NET
		{5D939E1F-ED78-48FA-98EF-EDDC74EA381B}.Debug|.NET.ActiveCfg = Deployment|.NET
		{5D939E1F-ED78-48FA-98EF-EDDC74EA381B}.Debug|.NET.Build.0 = Deployment|.NET
		{5D939E1F-ED78-48FA-98EF-EDDC74EA381B}.Debug|.NET.Deploy.0 = Deployment|.NET
		{5D939E1F-ED78-48FA-98EF-EDDC74EA381B}.Debug|Any CPU.ActiveCfg = Deployment|.NET
		{5D939E1F-ED78-48FA-98EF-EDDC74EA381B}.Debug|Mixed Platforms.ActiveCfg = Deployment|.NET
		{5D939E1F-ED78-48FA-98EF-EDDC74EA381B}.Debug|Mixed Platforms.Build.0 = Deployment|.NET
		{5D939E1F-ED78-48FA-98EF-EDDC74EA381B}.Debug|Mixed Platforms.Deploy.0 = Deployment|.NET
		{5D939E1F-ED78-48FA-98EF-EDDC74EA381B}.Deployment|.NET.ActiveCfg = Deployment|.NET
		{5D939E1F-ED78-48FA-98EF-EDDC74EA381B}.Deployment|.NET.Build.0 = Deployment|.NET
		{5D939E1F-ED78-48FA-98EF-EDDC74EA381B}.Deployment|.NET.Deploy.0 = Deployment|.NET
		{5D939E1F-ED78-48FA-98EF-EDDC74EA381B}.Deployment|Any CPU.ActiveCfg = Deployment|.NET
		{5D939E1F-ED78-48FA-98EF-EDDC74EA381B}.Deployment|Mixed Platforms.ActiveCfg = Deployment|.NET
		{5D939E1F-ED78-48FA-98EF-EDDC74EA381B}.Deployment|Mixed Platforms.Build.0 = Deployment|.NET
		{5D939E1F-ED78-48FA-98EF-EDDC74EA381B}.Deployment|Mixed Platforms.Deploy.0 = Deployment|.NET
		{5D939E1F-ED78-48FA-98EF-EDDC74EA381B}.Development|.NET.ActiveCfg = Development|.NET
		{5D939E1F-ED78-48FA-98EF-EDDC74EA381B}.Development|.NET.Build.0 = Development|.NET
		{5D939E1F-ED78-48FA-98EF-EDDC74EA381B}.Development|Any CPU.ActiveCfg = Development|.NET
		{5D939E1F-ED78-48FA-98EF-EDDC74EA381B}.Development|Mixed Platforms.ActiveCfg = Development|.NET
		{5D939E1F-ED78-48FA-98EF-EDDC74EA381B}.Development|Mixed Platforms.Build.0 = Development|.NET
		{5D939E1F-ED78-48FA-98EF-EDDC74EA381B}.Development|Mixed Platforms.Deploy.0 = Development|.NET
		{5D939E1F-ED78-48FA-98EF-EDDC74EA381B}.Release|.NET.ActiveCfg = Deployment|.NET
		{5D939E1F-ED78-48FA-98EF-EDDC74EA381B}.Release|.NET.Build.0 = Deployment|.NET
		{5D939E1F-ED78-48FA-98EF-EDDC74EA381B}.Release|.NET.Deploy.0 = Deployment|.NET
		{5D939E1F-ED78-48FA-98EF-EDDC74EA381B}.Release|Any CPU.ActiveCfg = Deployment|.NET
		{5D939E1F-ED78-48FA-98EF-EDDC74EA381B}.Release|Mixed Platforms.ActiveCfg = Deployment|.NET
		{5D939E1F-ED78-48FA-98EF-EDDC74EA381B}.Release|Mixed Platforms.Build.0 = Deployment|.NET
		{5D939E1F-ED78-48FA-98EF-EDDC74EA381B}.Release|Mixed Platforms.Deploy.0 = Deployment|.NET
		{EC61F5CC-1FCE-47F0-9320-7B5838D198CC}.Debug|.NET.ActiveCfg = Deployment|.NET
		{EC61F5CC-1FCE-47F0-9320-7B5838D198CC}.Debug|.NET.Build.0 = Deployment|.NET
		{EC61F5CC-1FCE-47F0-9320-7B5838D198CC}.Debug|.NET.Deploy.0 = Deployment|.NET
		{EC61F5CC-1FCE-47F0-9320-7B5838D198CC}.Debug|Any CPU.ActiveCfg = Deployment|.NET
		{EC61F5CC-1FCE-47F0-9320-7B5838D198CC}.Debug|Mixed Platforms.ActiveCfg = Deployment|.NET
		{EC61F5CC-1FCE-47F0-9320-7B5838D198CC}.Debug|Mixed Platforms.Build.0 = Deployment|.NET
		{EC61F5CC-1FCE-47F0-9320-7B5838D198CC}.Debug|Mixed Platforms.Deploy.0 = Deployment|.NET
		{EC61F5CC-1FCE-47F0-9320-7B5838D198CC}.Deployment|.NET.ActiveCfg = Deployment|.NET
		{EC61F5CC-1FCE-47F0-9320-7B5838D198CC}.Deployment|.NET.Build.0 = Deployment|.NET
		{EC61F5CC-1FCE-47F0-9320-7B5838D198CC}.Deployment|.NET.Deploy.0 = Deployment|.NET
		{EC61F5CC-1FCE-47F0-9320-7B5838D198CC}.Deployment|Any CPU.ActiveCfg = Deployment|.NET
		{EC61F5CC-1FCE-47F0-9320-7B5838D198CC}.Deployment|Mixed Platforms.ActiveCfg = Deployment|.NET
		{EC61F5CC-1FCE-47F0-9320-7B5838D198CC}.Deployment|Mixed Platforms.Build.0 = Deployment|.NET
		{EC61F5CC-1FCE-47F0-9320-7B5838D198CC}.Deployment|Mixed Platforms.Deploy.0 = Deployment|.NET
		{EC61F5CC-1FCE-47F0-9320-7B5838D198CC}.Development|.NET.ActiveCfg = Development|.NET
		{EC61F5CC-1FCE-47F0-9320-7B5838D198CC}.Development|.NET.Build.0 = Development|.NET
		{EC61F5CC-1FCE-47F0-9320-7B5838D198CC}.Development|Any CPU.ActiveCfg = Development|.NET
		{EC61F5CC-1FCE-47F0-9320-7B5838D198CC}.Development|Mixed Platforms.ActiveCfg = Development|.NET
		{EC61F5CC-1FCE-47F0-9320-7B5838D198CC}.Development|Mixed Platforms.Build.0 = Development|.NET
		{EC61F5CC-1FCE-47F0-9320-7B5838D198CC}.Development|Mixed Platforms.Deploy.0 = Development|.NET
		{EC61F5CC-1FCE-47F0-9320-7B5838D198CC}.Release|.NET.ActiveCfg = Deployment|.NET
		{EC61F5CC-1FCE-47F0-9320-7B5838D198CC}.Release|.NET.Build.0 = Deployment|.NET
		{EC61F5CC-1FCE-47F0-9320-7B5838D198CC}.Release|.NET.Deploy.0 = Deployment|.NET
		{EC61F5CC-1FCE-47F0-9320-7B5838D198CC}.Release|Any CPU.ActiveCfg = Deployment|.NET
		{EC61F5CC-1FCE-47F0-9320-7B5838D198CC}.Release|Mixed Platforms.ActiveCfg = Deployment|.NET
		{EC61F5CC-1FCE-47F0-9320-7B5838D198CC}.Release|Mixed Platforms.Build.0 = Deployment|.NET
		{EC61F5CC-1FCE-47F0-9320-7B5838D198CC}.Release|Mixed Platforms.Deploy.0 = Deployment|.NET
		{7AE8B408-ABBB-4F13-9542-A65A53A87371}.Debug|.NET.ActiveCfg = Deployment|.NET
		{7AE8B408-ABBB-4F13-9542-A65A53A87371}.Debug|.NET.Build.0 = Deployment|.NET
		{7AE8B408-ABBB-4F13-9542-A65A53A87371}.Debug|.NET.Deploy.0 = Deployment|.NET
		{7AE8B408-ABBB-4F13-9542-A65A53A87371}.Debug|Any CPU.ActiveCfg = Deployment|.NET
		{7AE8B408-ABBB-4F13-9542-A65A53A87371}.Debug|Mixed Platforms.ActiveCfg = Deployment|.NET
		{7AE8B408-ABBB-4F13-9542-A65A53A87371}.Debug|Mixed Platforms.Build.0 = Deployment|.NET
		{7AE8B408-ABBB-4F13-9542-A65A53A87371}.Debug|Mixed Platforms.Deploy.0 = Deployment|.NET
		{7AE8B408-ABBB-4F13-9542-A65A53A87371}.Deployment|.NET.ActiveCfg = Deployment|.NET
		{7AE8B408-ABBB-4F13-9542-A65A53A87371}.Deployment|.NET.Build.0 = Deployment|.NET
		{7AE8B408-ABBB-4F13-9542-A65A53A87371}.Deployment|.NET.Deploy.0 = Deployment|.NET
		{7AE8B408-ABBB-4F13-9542-A65A53A87371}.Deployment|Any CPU.ActiveCfg = Deployment|.NET
		{7AE8B408-ABBB-4F13-9542-A65A53A87371}.Deployment|Mixed Platforms.ActiveCfg = Deployment|.NET
		{7AE8B408-ABBB-4F13-9542-A65A53A87371}.Deployment|Mixed Platforms.Build.0 = Deployment|.NET
		{7AE8B408-ABBB-4F13-9542-A65A53A87371}.Deployment|Mixed Platforms.Deploy.0 = Deployment|.NET
		{7AE8B408-ABBB-4F13-9542-A65A53A87371}.Development|.NET.ActiveCfg = Development|.NET
		{7AE8B408-ABBB-4F13-9542-A65A53A87371}.Development|.NET.Build.0 = Development|.NET
		{7AE8B408-ABBB-4F13-9542-A65A53A87371}.Development|Any CPU.ActiveCfg = Development|.NET
		{7AE8B408-ABBB-4F13-9542-A65A53A87371}.Development|Mixed Platforms.ActiveCfg = Development|.NET
		{7AE8B408-ABBB-4F13-9542-A65A53A87371}.Development|Mixed Platforms.Build.0 = Development|.NET
		{7AE8B408-ABBB-4F13-9542-A65A53A87371}.Development|Mixed Platforms.Deploy.0 = Development|.NET
		{7AE8B408-ABBB-4F13-9542-A65A53A87371}.Release|.NET.ActiveCfg = Deployment|.NET
		{7AE8B408-ABBB-4F13-9542-A65A53A87371}.Release|.NET.Build.0 = Deployment|.NET
		{7AE8B408-ABBB-4F13-9542-A65A53A87371}.Release|.NET.Deploy.0 = Deployment|.NET
		{7AE8B408-ABBB-4F13-9542-A65A53A87371}.Release|Any CPU.ActiveCfg = Deployment|.NET
		{7AE8B408-ABBB-4F13-9542-A65A53A87371}.Release|Mixed Platforms.ActiveCfg = Deployment|.NET
		{7AE8B408-ABBB-4F13-9542-A65A53A87371}.Release|Mixed Platforms.Build.0 = Deployment|.NET
		{7AE8B408-ABBB-4F13-9542-A65A53A87371}.Release|Mixed Platforms.Deploy.0 = Deployment|.NET
		{E1DCAD81-D82F-4140-BC00-AAD85EDF28D5}.Debug|.NET.ActiveCfg = Deployment|.NET
		{E1DCAD81-D82F-4140-BC00-AAD85EDF28D5}.Debug|.NET.Build.0 = Deployment|.NET
		{E1DCAD81-D82F-4140-BC00-AAD85EDF28D5}.Debug|.NET.Deploy.0 = Deployment|.NET
		{E1DCAD81-D82F-4140-BC00-AAD85EDF28D5}.Debug|Any CPU.ActiveCfg = Deployment|.NET
		{E1DCAD81-D82F-4140-BC00-AAD85EDF28D5}.Debug|Mixed Platforms.ActiveCfg = Deployment|.NET
		{E1DCAD81-D82F-4140-BC00-AAD85EDF28D5}.Debug|Mixed Platforms.Build.0 = Deployment|.NET
		{E1DCAD81-D82F-4140-BC00-AAD85EDF28D5}.Debug|Mixed Platforms.Deploy.0 = Deployment|.NET
		{E1DCAD81-D82F-4140-BC00-AAD85EDF28D5}.Deployment|.NET.ActiveCfg = Deployment|.NET
		{E1DCAD81-D82F-4140-BC00-AAD85EDF28D5}.Deployment|.NET.Build.0 = Deployment|.NET
		{E1DCAD81-D82F-4140-BC00-AAD85EDF28D5}.Deployment|.NET.Deploy.0 = Deployment|.NET
		{E1DCAD81-D82F-4140-BC00-AAD85EDF28D5}.Deployment|Any CPU.ActiveCfg = Deployment|.NET
		{E1DCAD81-D82F-4140-BC00-AAD85EDF28D5}.Deployment|Mixed Platforms.ActiveCfg = Deployment|.NET
		{E1DCAD81-D82F-4140-BC00-AAD85EDF28D5}.Deployment|Mixed Platforms.Build.0 = Deployment|.NET
		{E1DCAD81-D82F-4140-BC00-AAD85EDF28D5}.Deployment|Mixed Platforms.Deploy.0 = Deployment|.NET
		{E1DCAD81-D82F-4140-BC00-AAD85EDF28D5}.Development|.NET.ActiveCfg = Development|.NET
		{E1DCAD81-D82F-4140-BC00-AAD85EDF28D5}.Development|.NET.Build.0 = Development|.NET
		{E1DCAD81-D82F-4140-BC00-AAD85EDF28D5}.Development|Any CPU.ActiveCfg = Development|.NET
		{E1DCAD81-D82F-4140-BC00-AAD85EDF28D5}.Development|Mixed Platforms.ActiveCfg = Development|.NET
		{E1DCAD81-D82F-4140-BC00-AAD85EDF28D5}.Development|Mixed Platforms.Build.0 = Development|.NET
		{E1DCAD81-D82F-4140-BC00-AAD85EDF28D5}.Development|Mixed Platforms.Deploy.0 = Development|.NET
		{E1DCAD81-D82F-4140-BC00-AAD85EDF28D5}.Release|.NET.ActiveCfg = Deployment|.NET
		{E1DCAD81-D82F-4140-BC00-AAD85EDF28D5}.Release|.NET.Build.0 = Deployment|.NET
		{E1DCAD81-D82F-4140-BC00-AAD85EDF28D5}.Release|.NET.Deploy.0 = Deployment|.NET
		{E1DCAD81-D82F-4140-BC00-AAD85EDF28D5}.Release|Any CPU.ActiveCfg = Deployment|.NET
		{E1DCAD81-D82F-4140-BC00-AAD85EDF28D5}.Release|Mixed Platforms.ActiveCfg = Deployment|.NET
		{E1DCAD81-D82F-4140-BC00-AAD85EDF28D5}.Release|Mixed Platforms.Build.0 = Deployment|.NET
		{E1DCAD81-D82F-4140-BC00-AAD85EDF28D5}.Release|Mixed Platforms.Deploy.0 = Deployment|.NET
		{01AC27FE-7BE9-42E1-8127-A15312C9192F}.Debug|.NET.ActiveCfg = Deployment|.NET
		{01AC27FE-7BE9-42E1-8127-A15312C9192F}.Debug|.NET.Build.0 = Deployment|.NET
		{01AC27FE-7BE9-42E1-8127-A15312C9192F}.Debug|.NET.Deploy.0 = Deployment|.NET
		{01AC27FE-7BE9-42E1-8127-A15312C9192F}.Debug|Any CPU.ActiveCfg = Deployment|.NET
		{01AC27FE-7BE9-42E1-8127-A15312C9192F}.Debug|Mixed Platforms.ActiveCfg = Deployment|.NET
		{01AC27FE-7BE9-42E1-8127-A15312C9192F}.Debug|Mixed Platforms.Build.0 = Deployment|.NET
		{01AC27FE-7BE9-42E1-8127-A15312C9192F}.Debug|Mixed Platforms.Deploy.0 = Deployment|.NET
		{01AC27FE-7BE9-42E1-8127-A15312C9192F}.Deployment|.NET.ActiveCfg = Deployment|.NET
		{01AC27FE-7BE9-42E1-8127-A15312C9192F}.Deployment|.NET.Build.0 = Deployment|.NET
		{01AC27FE-7BE9-42E1-8127-A15312C9192F}.Deployment|.NET.Deploy.0 = Deployment|.NET
		{01AC27FE-7BE9-42E1-8127-A15312C9192F}.Deployment|Any CPU.ActiveCfg = Deployment|.NET
		{01AC27FE-7BE9-42E1-8127-A15312C9192F}.Deployment|Mixed Platforms.ActiveCfg = Deployment|.NET
		{01AC27FE-7BE9-42E1-8127-A15312C9192F}.Deployment|Mixed Platforms.Build.0 = Deployment|.NET
		{01AC27FE-7BE9-42E1-8127-A15312C9192F}.Deployment|Mixed Platforms.Deploy.0 = Deployment|.NET
		{01AC27FE-7BE9-42E1-8127-A15312C9192F}.Development|.NET.ActiveCfg = Development|.NET
		{01AC27FE-7BE9-42E1-8127-A15312C9192F}.Development|.NET.Build.0 = Development|.NET
		{01AC27FE-7BE9-42E1-8127-A15312C9192F}.Development|Any CPU.ActiveCfg = Development|.NET
		{01AC27FE-7BE9-42E1-8127-A15312C9192F}.Development|Mixed Platforms.ActiveCfg = Development|.NET
		{01AC27FE-7BE9-42E1-8127-A15312C9192F}.Development|Mixed Platforms.Build.0 = Development|.NET
		{01AC27FE-7BE9-42E1-8127-A15312C9192F}.Development|Mixed Platforms.Deploy.0 = Development|.NET
		{01AC27FE-7BE9-42E1-8127-A15312C9192F}.Release|.NET.ActiveCfg = Deployment|.NET
		{01AC27FE-7BE9-42E1-8127-A15312C9192F}.Release|.NET.Build.0 = Deployment|.NET
		{01AC27FE-7BE9-42E1-8127-A15312C9192F}.Release|.NET.Deploy.0 = Deployment|.NET
		{01AC27FE-7BE9-42E1-8127-A15312C9192F}.Release|Any CPU.ActiveCfg = Deployment|.NET
		{01AC27FE-7BE9-42E1-8127-A15312C9192F}.Release|Mixed Platforms.ActiveCfg = Deployment|.NET
		{01AC27FE-7BE9-42E1-8127-A15312C9192F}.Release|Mixed Platforms.Build.0 = Deployment|.NET
		{01AC27FE-7BE9-42E1-8127-A15312C9192F}.Release|Mixed Platforms.Deploy.0 = Deployment|.NET
		{26096BDF-1A5C-4EC7-BBA7-2F9672D5CC35}.Debug|.NET.ActiveCfg = Deployment|.NET
		{26096BDF-1A5C-4EC7-BBA7-2F9672D5CC35}.Debug|.NET.Build.0 = Deployment|.NET
		{26096BDF-1A5C-4EC7-BBA7-2F9672D5CC35}.Debug|.NET.Deploy.0 = Deployment|.NET
		{26096BDF-1A5C-4EC7-BBA7-2F9672D5CC35}.Debug|Any CPU.ActiveCfg = Deployment|.NET
		{26096BDF-1A5C-4EC7-BBA7-2F9672D5CC35}.Debug|Mixed Platforms.ActiveCfg = Deployment|.NET
		{26096BDF-1A5C-4EC7-BBA7-2F9672D5CC35}.Debug|Mixed Platforms.Build.0 = Deployment|.NET
		{26096BDF-1A5C-4EC7-BBA7-2F9672D5CC35}.Debug|Mixed Platforms.Deploy.0 = Deployment|.NET
		{26096BDF-1A5C-4EC7-BBA7-2F9672D5CC35}.Deployment|.NET.ActiveCfg = Deployment|.NET
		{26096BDF-1A5C-4EC7-BBA7-2F9672D5CC35}.Deployment|.NET.Build.0 = Deployment|.NET
		{26096BDF-1A5C-4EC7-BBA7-2F9672D5CC35}.Deployment|.NET.Deploy.0 = Deployment|.NET
		{26096BDF-1A5C-4EC7-BBA7-2F9672D5CC35}.Deployment|Any CPU.ActiveCfg = Deployment|.NET
		{26096BDF-1A5C-4EC7-BBA7-2F9672D5CC35}.Deployment|Mixed Platforms.ActiveCfg = Deployment|.NET
		{26096BDF-1A5C-4EC7-BBA7-2F9672D5CC35}.Deployment|Mixed Platforms.Build.0 = Deployment|.NET
		{26096BDF-1A5C-4EC7-BBA7-2F9672D5CC35}.Deployment|Mixed Platforms.Deploy.0 = Deployment|.NET
		{26096BDF-1A5C-4EC7-BBA7-2F9672D5CC35}.Development|.NET.ActiveCfg = Development|.NET
		{26096BDF-1A5C-4EC7-BBA7-2F9672D5CC35}.Development|.NET.Build.0 = Development|.NET
		{26096BDF-1A5C-4EC7-BBA7-2F9672D5CC35}.Development|Any CPU.ActiveCfg = Development|.NET
		{26096BDF-1A5C-4EC7-BBA7-2F9672D5CC35}.Development|Mixed Platforms.ActiveCfg = Development|.NET
		{26096BDF-1A5C-4EC7-BBA7-2F9672D5CC35}.Development|Mixed Platforms.Build.0 = Development|.NET
		{26096BDF-1A5C-4EC7-BBA7-2F9672D5CC35}.Development|Mixed Platforms.Deploy.0 = Development|.NET
		{26096BDF-1A5C-4EC7-BBA7-2F9672D5CC35}.Release|.NET.ActiveCfg = Deployment|.NET
		{26096BDF-1A5C-4EC7-BBA7-2F9672D5CC35}.Release|.NET.Build.0 = Deployment|.NET
		{26096BDF-1A5C-4EC7-BBA7-2F9672D5CC35}.Release|.NET.Deploy.0 = Deployment|.NET
		{26096BDF-1A5C-4EC7-BBA7-2F9672D5CC35}.Release|Any CPU.ActiveCfg = Deployment|.NET
		{26096BDF-1A5C-4EC7-BBA7-2F9672D5CC35}.Release|Mixed Platforms.ActiveCfg = Deployment|.NET
		{26096BDF-1A5C-4EC7-BBA7-2F9672D5CC35}.Release|Mixed Platforms.Build.0 = Deployment|.NET
		{26096BDF-1A5C-4EC7-BBA7-2F9672D5CC35}.Release|Mixed Platforms.Deploy.0 = Deployment|.NET
		{585BF47F-0E29-4CE4-A20D-703D368907B5}.Debug|.NET.ActiveCfg = Deployment|.NET
		{585BF47F-0E29-4CE4-A20D-703D368907B5}.Debug|.NET.Build.0 = Deployment|.NET
		{585BF47F-0E29-4CE4-A20D-703D368907B5}.Debug|.NET.Deploy.0 = Deployment|.NET
		{585BF47F-0E29-4CE4-A20D-703D368907B5}.Debug|Any CPU.ActiveCfg = Deployment|.NET
		{585BF47F-0E29-4CE4-A20D-703D368907B5}.Debug|Mixed Platforms.ActiveCfg = Deployment|.NET
		{585BF47F-0E29-4CE4-A20D-703D368907B5}.Debug|Mixed Platforms.Build.0 = Deployment|.NET
		{585BF47F-0E29-4CE4-A20D-703D368907B5}.Debug|Mixed Platforms.Deploy.0 = Deployment|.NET
		{585BF47F-0E29-4CE4-A20D-703D368907B5}.Deployment|.NET.ActiveCfg = Deployment|.NET
		{585BF47F-0E29-4CE4-A20D-703D368907B5}.Deployment|.NET.Build.0 = Deployment|.NET
		{585BF47F-0E29-4CE4-A20D-703D368907B5}.Deployment|.NET.Deploy.0 = Deployment|.NET
		{585BF47F-0E29-4CE4-A20D-703D368907B5}.Deployment|Any CPU.ActiveCfg = Deployment|.NET
		{585BF47F-0E29-4CE4-A20D-703D368907B5}.Deployment|Mixed Platforms.ActiveCfg = Deployment|.NET
		{585BF47F-0E29-4CE4-A20D-703D368907B5}.Deployment|Mixed Platforms.Build.0 = Deployment|.NET
		{585BF47F-0E29-4CE4-A20D-703D368907B5}.Deployment|Mixed Platforms.Deploy.0 = Deployment|.NET
		{585BF47F-0E29-4CE4-A20D-703D368907B5}.Development|.NET.ActiveCfg = Development|.NET
		{585BF47F-0E29-4CE4-A20D-703D368907B5}.Development|.NET.Build.0 = Development|.NET
		{585BF47F-0E29-4CE4-A20D-703D368907B5}.Development|Any CPU.ActiveCfg = Development|.NET
		{585BF47F-0E29-4CE4-A20D-703D368907B5}.Development|Mixed Platforms.ActiveCfg = Development|.NET
		{585BF47F-0E29-4CE4-A20D-703D368907B5}.Development|Mixed Platforms.Build.0 = Development|.NET
		{585BF47F-0E29-4CE4-A20D-703D368907B5}.Development|Mixed Platforms.Deploy.0 = Development|.NET
		{585BF47F-0E29-4CE4-A20D-703D368907B5}.Release|.NET.ActiveCfg = Deployment|.NET
		{585BF47F-0E29-4CE4-A20D-703D368907B5}.Release|.NET.Build.0 = Deployment|.NET
		{585BF47F-0E29-4CE4-A20D-703D368907B5}.Release|.NET.Deploy.0 = Deployment|.NET
		{585BF47F-0E29-4CE4-A20D-703D368907B5}.Release|Any CPU.ActiveCfg = Deployment|.NET
		{585BF47F-0E29-4CE4-A20D-703D368907B5}.Release|Mixed Platforms.ActiveCfg = Deployment|.NET
		{585BF47F-0E29-4CE4-A20D-703D368907B5}.Release|Mixed Platforms.Build.0 = Deployment|.NET
		{585BF47F-0E29-4CE4-A20D-703D368907B5}.Release|Mixed Platforms.Deploy.0 = Deployment|.NET
	EndGlobalSection
	GlobalSection(SolutionProperties) = preSolution
		HideSolutionNode = FALSE
	EndGlobalSection
EndGlobal
